
Microsoft Visual Studio Solution File, Format Version 12.00
# Visual Studio Version 16
VisualStudioVersion = 16.0.31321.278
MinimumVisualStudioVersion = 10.0.40219.1
Project("{9A19103F-16F7-4668-BE54-9A1E7A4F7556}") = "Courses", "Courses\Courses.csproj", "{2692A802-BAA6-446D-9FC9-B5762F7751C7}"
EndProject
Project("{9A19103F-16F7-4668-BE54-9A1E7A4F7556}") = "Gateway", "Gateway\Gateway.csproj", "{5AB1D2BE-68E5-47DD-94FE-8989CDD01BEC}"
EndProject
Global
	GlobalSection(SolutionConfigurationPlatforms) = preSolution
		Debug|Any CPU = Debug|Any CPU
		Release|Any CPU = Release|Any CPU
	EndGlobalSection
	GlobalSection(ProjectConfigurationPlatforms) = postSolution
		{2692A802-BAA6-446D-9FC9-B5762F7751C7}.Debug|Any CPU.ActiveCfg = Debug|Any CPU
		{2692A802-BAA6-446D-9FC9-B5762F7751C7}.Debug|Any CPU.Build.0 = Debug|Any CPU
		{2692A802-BAA6-446D-9FC9-B5762F7751C7}.Release|Any CPU.ActiveCfg = Release|Any CPU
		{2692A802-BAA6-446D-9FC9-B5762F7751C7}.Release|Any CPU.Build.0 = Release|Any CPU
		{5AB1D2BE-68E5-47DD-94FE-8989CDD01BEC}.Debug|Any CPU.ActiveCfg = Debug|Any CPU
		{5AB1D2BE-68E5-47DD-94FE-8989CDD01BEC}.Debug|Any CPU.Build.0 = Debug|Any CPU
		{5AB1D2BE-68E5-47DD-94FE-8989CDD01BEC}.Release|Any CPU.ActiveCfg = Release|Any CPU
		{5AB1D2BE-68E5-47DD-94FE-8989CDD01BEC}.Release|Any CPU.Build.0 = Release|Any CPU
	EndGlobalSection
	GlobalSection(SolutionProperties) = preSolution
		HideSolutionNode = FALSE
	EndGlobalSection
	GlobalSection(ExtensibilityGlobals) = postSolution
		SolutionGuid = {727A3ADE-3DCF-4A07-A19D-10A80B5DDE56}
	EndGlobalSection
EndGlobal
